# This file was autogenerated by Stack.
# You should not edit this file by hand.
# For more information, please see the documentation at:
#   https://docs.haskellstack.org/en/stable/lock_files

packages:
- completed:
    hackage: repa-3.4.1.4@sha256:13b6513fc68008e4780ea72962bdddcf4dbdfd260bc4e1b7e65705d18d6e9bd5,3315
    pantry-tree:
      size: 2965
      sha256: d55bf2d7de7ccca003714f36baafb081f4ea115ceb7f78b78e4a2973bd639907
  original:
    hackage: repa-3.4.1.4@sha256:13b6513fc68008e4780ea72962bdddcf4dbdfd260bc4e1b7e65705d18d6e9bd5,3315
snapshots:
- completed:
    size: 532413
    url: https://raw.githubusercontent.com/commercialhaskell/stackage-snapshots/master/lts/16/21.yaml
    sha256: 7b5cac89352fa4a88606dc6cb250aee9291f21e2e988d464065f5aa51f5de33d
  original: lts-16.21
